
Microsoft Visual Studio Solution File, Format Version 12.00
# Visual Studio Version 16
VisualStudioVersion = 16.0.30717.126
MinimumVisualStudioVersion = 10.0.40219.1
Project("{FAE04EC0-301F-11D3-BF4B-00C04F79EFBC}") = "EasyExcel", "EasyExcel.csproj", "{7A2A0317-B3E9-405A-8D4A-56DD5EA9142A}"
EndProject
Global
	GlobalSection(SolutionConfigurationPlatforms) = preSolution
		Debug|Any CPU = Debug|Any CPU
		Release|Any CPU = Release|Any CPU
	EndGlobalSection
	GlobalSection(ProjectConfigurationPlatforms) = postSolution
		{7A2A0317-B3E9-405A-8D4A-56DD5EA9142A}.Debug|Any CPU.ActiveCfg = Debug|Any CPU
		{7A2A0317-B3E9-405A-8D4A-56DD5EA9142A}.Debug|Any CPU.Build.0 = Debug|Any CPU
		{7A2A0317-B3E9-405A-8D4A-56DD5EA9142A}.Release|Any CPU.ActiveCfg = Release|Any CPU
		{7A2A0317-B3E9-405A-8D4A-56DD5EA9142A}.Release|Any CPU.Build.0 = Release|Any CPU
	EndGlobalSection
	GlobalSection(SolutionProperties) = preSolution
		HideSolutionNode = FALSE
	EndGlobalSection
	GlobalSection(ExtensibilityGlobals) = postSolution
		SolutionGuid = {DFCB9130-5C5D-45B6-9519-EDA0CE6DC5E3}
	EndGlobalSection
EndGlobal
